
Microsoft Visual Studio Solution File, Format Version 12.00
# Visual Studio Version 16
VisualStudioVersion = 16.0.31515.178
MinimumVisualStudioVersion = 10.0.40219.1
Project("{9A19103F-16F7-4668-BE54-9A1E7A4F7556}") = "RockPaperScissors", "src\RockPaperScissors\RockPaperScissors.csproj", "{A93F36F8-6B1F-4F96-AB74-A42D35A1F370}"
EndProject
Project("{2150E333-8FDC-42A3-9474-1A3956D46DE8}") = "tests", "tests", "{42F42856-197A-4B09-8F78-F546CB248B51}"
EndProject
Project("{FAE04EC0-301F-11D3-BF4B-00C04F79EFBC}") = "RockPaperScissors.Tests.Unit", "tests\RockPaperScissors.Tests.Unit\RockPaperScissors.Tests.Unit.csproj", "{9B8999E9-D8D3-4551-9081-57129377747C}"
EndProject
Global
	GlobalSection(SolutionConfigurationPlatforms) = preSolution
		Debug|Any CPU = Debug|Any CPU
		Release|Any CPU = Release|Any CPU
	EndGlobalSection
	GlobalSection(ProjectConfigurationPlatforms) = postSolution
		{A93F36F8-6B1F-4F96-AB74-A42D35A1F370}.Debug|Any CPU.ActiveCfg = Debug|Any CPU
		{A93F36F8-6B1F-4F96-AB74-A42D35A1F370}.Debug|Any CPU.Build.0 = Debug|Any CPU
		{A93F36F8-6B1F-4F96-AB74-A42D35A1F370}.Release|Any CPU.ActiveCfg = Release|Any CPU
		{A93F36F8-6B1F-4F96-AB74-A42D35A1F370}.Release|Any CPU.Build.0 = Release|Any CPU
		{9B8999E9-D8D3-4551-9081-57129377747C}.Debug|Any CPU.ActiveCfg = Debug|Any CPU
		{9B8999E9-D8D3-4551-9081-57129377747C}.Debug|Any CPU.Build.0 = Debug|Any CPU
		{9B8999E9-D8D3-4551-9081-57129377747C}.Release|Any CPU.ActiveCfg = Release|Any CPU
		{9B8999E9-D8D3-4551-9081-57129377747C}.Release|Any CPU.Build.0 = Release|Any CPU
	EndGlobalSection
	GlobalSection(SolutionProperties) = preSolution
		HideSolutionNode = FALSE
	EndGlobalSection
	GlobalSection(NestedProjects) = preSolution
		{9B8999E9-D8D3-4551-9081-57129377747C} = {42F42856-197A-4B09-8F78-F546CB248B51}
	EndGlobalSection
	GlobalSection(ExtensibilityGlobals) = postSolution
		SolutionGuid = {B959174D-96E8-4B30-AF6C-91F8B7F3E9AE}
	EndGlobalSection
EndGlobal
